// !$*UTF8*$!
{
	archiveVersion = 1;
	classes = {
	};
	objectVersion = 56;
	objects = {

/* Begin PBXBuildFile section */
		06F7459B2CEC7488002230BF /* Flags_QuizApp_SwiftUIApp.swift in Sources */ = {isa = PBXBuildFile; fileRef = 06F7459A2CEC7488002230BF /* Flags_QuizApp_SwiftUIApp.swift */; };
		06F7459D2CEC7488002230BF /* ContentView.swift in Sources */ = {isa = PBXBuildFile; fileRef = 06F7459C2CEC7488002230BF /* ContentView.swift */; };
		06F7459F2CEC7489002230BF /* Assets.xcassets in Resources */ = {isa = PBXBuildFile; fileRef = 06F7459E2CEC7489002230BF /* Assets.xcassets */; };
		06F745A22CEC7489002230BF /* Preview Assets.xcassets in Resources */ = {isa = PBXBuildFile; fileRef = 06F745A12CEC7489002230BF /* Preview Assets.xcassets */; };
		06F745AC2CEC7489002230BF /* Flags_QuizApp_SwiftUITests.swift in Sources */ = {isa = PBXBuildFile; fileRef = 06F745AB2CEC7489002230BF /* Flags_QuizApp_SwiftUITests.swift */; };
		06F745B62CEC7489002230BF /* Flags_QuizApp_SwiftUIUITests.swift in Sources */ = {isa = PBXBuildFile; fileRef = 06F745B52CEC7489002230BF /* Flags_QuizApp_SwiftUIUITests.swift */; };
		06F745B82CEC7489002230BF /* Flags_QuizApp_SwiftUIUITestsLaunchTests.swift in Sources */ = {isa = PBXBuildFile; fileRef = 06F745B72CEC7489002230BF /* Flags_QuizApp_SwiftUIUITestsLaunchTests.swift */; };
/* End PBXBuildFile section */

/* Begin PBXContainerItemProxy section */
		06F745A82CEC7489002230BF /* PBXContainerItemProxy */ = {
			isa = PBXContainerItemProxy;
			containerPortal = 06F7458F2CEC7488002230BF /* Project object */;
			proxyType = 1;
			remoteGlobalIDString = 06F745962CEC7488002230BF;
			remoteInfo = "Flags-QuizApp-SwiftUI";
		};
		06F745B22CEC7489002230BF /* PBXContainerItemProxy */ = {
			isa = PBXContainerItemProxy;
			containerPortal = 06F7458F2CEC7488002230BF /* Project object */;
			proxyType = 1;
			remoteGlobalIDString = 06F745962CEC7488002230BF;
			remoteInfo = "Flags-QuizApp-SwiftUI";
		};
/* End PBXContainerItemProxy section */

/* Begin PBXFileReference section */
		06F745972CEC7488002230BF /* Flags-QuizApp-SwiftUI.app */ = {isa = PBXFileReference; explicitFileType = wrapper.application; includeInIndex = 0; path = "Flags-QuizApp-SwiftUI.app"; sourceTree = BUILT_PRODUCTS_DIR; };
		06F7459A2CEC7488002230BF /* Flags_QuizApp_SwiftUIApp.swift */ = {isa = PBXFileReference; lastKnownFileType = sourcecode.swift; path = Flags_QuizApp_SwiftUIApp.swift; sourceTree = "<group>"; };
		06F7459C2CEC7488002230BF /* ContentView.swift */ = {isa = PBXFileReference; lastKnownFileType = sourcecode.swift; path = ContentView.swift; sourceTree = "<group>"; };
		06F7459E2CEC7489002230BF /* Assets.xcassets */ = {isa = PBXFileReference; lastKnownFileType = folder.assetcatalog; path = Assets.xcassets; sourceTree = "<group>"; };
		06F745A12CEC7489002230BF /* Preview Assets.xcassets */ = {isa = PBXFileReference; lastKnownFileType = folder.assetcatalog; path = "Preview Assets.xcassets"; sourceTree = "<group>"; };
		06F745A72CEC7489002230BF /* Flags-QuizApp-SwiftUITests.xctest */ = {isa = PBXFileReference; explicitFileType = wrapper.cfbundle; includeInIndex = 0; path = "Flags-QuizApp-SwiftUITests.xctest"; sourceTree = BUILT_PRODUCTS_DIR; };
		06F745AB2CEC7489002230BF /* Flags_QuizApp_SwiftUITests.swift */ = {isa = PBXFileReference; lastKnownFileType = sourcecode.swift; path = Flags_QuizApp_SwiftUITests.swift; sourceTree = "<group>"; };
		06F745B12CEC7489002230BF /* Flags-QuizApp-SwiftUIUITests.xctest */ = {isa = PBXFileReference; explicitFileType = wrapper.cfbundle; includeInIndex = 0; path = "Flags-QuizApp-SwiftUIUITests.xctest"; sourceTree = BUILT_PRODUCTS_DIR; };
		06F745B52CEC7489002230BF /* Flags_QuizApp_SwiftUIUITests.swift */ = {isa = PBXFileReference; lastKnownFileType = sourcecode.swift; path = Flags_QuizApp_SwiftUIUITests.swift; sourceTree = "<group>"; };
		06F745B72CEC7489002230BF /* Flags_QuizApp_SwiftUIUITestsLaunchTests.swift */ = {isa = PBXFileReference; lastKnownFileType = sourcecode.swift; path = Flags_QuizApp_SwiftUIUITestsLaunchTests.swift; sourceTree = "<group>"; };
/* End PBXFileReference section */

/* Begin PBXFrameworksBuildPhase section */
		06F745942CEC7488002230BF /* Frameworks */ = {
			isa = PBXFrameworksBuildPhase;
			buildActionMask = 2147483647;
			files = (
			);
			runOnlyForDeploymentPostprocessing = 0;
		};
		06F745A42CEC7489002230BF /* Frameworks */ = {
			isa = PBXFrameworksBuildPhase;
			buildActionMask = 2147483647;
			files = (
			);
			runOnlyForDeploymentPostprocessing = 0;
		};
		06F745AE2CEC7489002230BF /* Frameworks */ = {
			isa = PBXFrameworksBuildPhase;
			buildActionMask = 2147483647;
			files = (
			);
			runOnlyForDeploymentPostprocessing = 0;
		};
/* End PBXFrameworksBuildPhase section */

/* Begin PBXGroup section */
		06F7458E2CEC7488002230BF = {
			isa = PBXGroup;
			children = (
				06F745992CEC7488002230BF /* Flags-QuizApp-SwiftUI */,
				06F745AA2CEC7489002230BF /* Flags-QuizApp-SwiftUITests */,
				06F745B42CEC7489002230BF /* Flags-QuizApp-SwiftUIUITests */,
				06F745982CEC7488002230BF /* Products */,
			);
			sourceTree = "<group>";
		};
		06F745982CEC7488002230BF /* Products */ = {
			isa = PBXGroup;
			children = (
				06F745972CEC7488002230BF /* Flags-QuizApp-SwiftUI.app */,
				06F745A72CEC7489002230BF /* Flags-QuizApp-SwiftUITests.xctest */,
				06F745B12CEC7489002230BF /* Flags-QuizApp-SwiftUIUITests.xctest */,
			);
			name = Products;
			sourceTree = "<group>";
		};
		06F745992CEC7488002230BF /* Flags-QuizApp-SwiftUI */ = {
			isa = PBXGroup;
			children = (
				06F7459A2CEC7488002230BF /* Flags_QuizApp_SwiftUIApp.swift */,
				06F7459C2CEC7488002230BF /* ContentView.swift */,
				06F7459E2CEC7489002230BF /* Assets.xcassets */,
				06F745A02CEC7489002230BF /* Preview Content */,
			);
			path = "Flags-QuizApp-SwiftUI";
			sourceTree = "<group>";
		};
		06F745A02CEC7489002230BF /* Preview Content */ = {
			isa = PBXGroup;
			children = (
				06F745A12CEC7489002230BF /* Preview Assets.xcassets */,
			);
			path = "Preview Content";
			sourceTree = "<group>";
		};
		06F745AA2CEC7489002230BF /* Flags-QuizApp-SwiftUITests */ = {
			isa = PBXGroup;
			children = (
				06F745AB2CEC7489002230BF /* Flags_QuizApp_SwiftUITests.swift */,
			);
			path = "Flags-QuizApp-SwiftUITests";
			sourceTree = "<group>";
		};
		06F745B42CEC7489002230BF /* Flags-QuizApp-SwiftUIUITests */ = {
			isa = PBXGroup;
			children = (
				06F745B52CEC7489002230BF /* Flags_QuizApp_SwiftUIUITests.swift */,
				06F745B72CEC7489002230BF /* Flags_QuizApp_SwiftUIUITestsLaunchTests.swift */,
			);
			path = "Flags-QuizApp-SwiftUIUITests";
			sourceTree = "<group>";
		};
/* End PBXGroup section */

/* Begin PBXNativeTarget section */
		06F745962CEC7488002230BF /* Flags-QuizApp-SwiftUI */ = {
			isa = PBXNativeTarget;
			buildConfigurationList = 06F745BB2CEC7489002230BF /* Build configuration list for PBXNativeTarget "Flags-QuizApp-SwiftUI" */;
			buildPhases = (
				06F745932CEC7488002230BF /* Sources */,
				06F745942CEC7488002230BF /* Frameworks */,
				06F745952CEC7488002230BF /* Resources */,
			);
			buildRules = (
			);
			dependencies = (
			);
			name = "Flags-QuizApp-SwiftUI";
			productName = "Flags-QuizApp-SwiftUI";
			productReference = 06F745972CEC7488002230BF /* Flags-QuizApp-SwiftUI.app */;
			productType = "com.apple.product-type.application";
		};
		06F745A62CEC7489002230BF /* Flags-QuizApp-SwiftUITests */ = {
			isa = PBXNativeTarget;
			buildConfigurationList = 06F745BE2CEC7489002230BF /* Build configuration list for PBXNativeTarget "Flags-QuizApp-SwiftUITests" */;
			buildPhases = (
				06F745A32CEC7489002230BF /* Sources */,
				06F745A42CEC7489002230BF /* Frameworks */,
				06F745A52CEC7489002230BF /* Resources */,
			);
			buildRules = (
			);
			dependencies = (
				06F745A92CEC7489002230BF /* PBXTargetDependency */,
			);
			name = "Flags-QuizApp-SwiftUITests";
			productName = "Flags-QuizApp-SwiftUITests";
			productReference = 06F745A72CEC7489002230BF /* Flags-QuizApp-SwiftUITests.xctest */;
			productType = "com.apple.product-type.bundle.unit-test";
		};
		06F745B02CEC7489002230BF /* Flags-QuizApp-SwiftUIUITests */ = {
			isa = PBXNativeTarget;
			buildConfigurationList = 06F745C12CEC7489002230BF /* Build configuration list for PBXNativeTarget "Flags-QuizApp-SwiftUIUITests" */;
			buildPhases = (
				06F745AD2CEC7489002230BF /* Sources */,
				06F745AE2CEC7489002230BF /* Frameworks */,
				06F745AF2CEC7489002230BF /* Resources */,
			);
			buildRules = (
			);
			dependencies = (
				06F745B32CEC7489002230BF /* PBXTargetDependency */,
			);
			name = "Flags-QuizApp-SwiftUIUITests";
			productName = "Flags-QuizApp-SwiftUIUITests";
			productReference = 06F745B12CEC7489002230BF /* Flags-QuizApp-SwiftUIUITests.xctest */;
			productType = "com.apple.product-type.bundle.ui-testing";
		};
/* End PBXNativeTarget section */

/* Begin PBXProject section */
		06F7458F2CEC7488002230BF /* Project object */ = {
			isa = PBXProject;
			attributes = {
				BuildIndependentTargetsInParallel = 1;
				LastSwiftUpdateCheck = 1540;
				LastUpgradeCheck = 1540;
				TargetAttributes = {
					06F745962CEC7488002230BF = {
						CreatedOnToolsVersion = 15.4;
					};
					06F745A62CEC7489002230BF = {
						CreatedOnToolsVersion = 15.4;
						TestTargetID = 06F745962CEC7488002230BF;
					};
					06F745B02CEC7489002230BF = {
						CreatedOnToolsVersion = 15.4;
						TestTargetID = 06F745962CEC7488002230BF;
					};
				};
			};
			buildConfigurationList = 06F745922CEC7488002230BF /* Build configuration list for PBXProject "Flags-QuizApp-SwiftUI" */;
			compatibilityVersion = "Xcode 14.0";
			developmentRegion = en;
			hasScannedForEncodings = 0;
			knownRegions = (
				en,
				Base,
			);
			mainGroup = 06F7458E2CEC7488002230BF;
			productRefGroup = 06F745982CEC7488002230BF /* Products */;
			projectDirPath = "";
			projectRoot = "";
			targets = (
				06F745962CEC7488002230BF /* Flags-QuizApp-SwiftUI */,
				06F745A62CEC7489002230BF /* Flags-QuizApp-SwiftUITests */,
				06F745B02CEC7489002230BF /* Flags-QuizApp-SwiftUIUITests */,
			);
		};
/* End PBXProject section */

/* Begin PBXResourcesBuildPhase section */
		06F745952CEC7488002230BF /* Resources */ = {
			isa = PBXResourcesBuildPhase;
			buildActionMask = 2147483647;
			files = (
				06F745A22CEC7489002230BF /* Preview Assets.xcassets in Resources */,
				06F7459F2CEC7489002230BF /* Assets.xcassets in Resources */,
			);
			runOnlyForDeploymentPostprocessing = 0;
		};
		06F745A52CEC7489002230BF /* Resources */ = {
			isa = PBXResourcesBuildPhase;
			buildActionMask = 2147483647;
			files = (
			);
			runOnlyForDeploymentPostprocessing = 0;
		};
		06F745AF2CEC7489002230BF /* Resources */ = {
			isa = PBXResourcesBuildPhase;
			buildActionMask = 2147483647;
			files = (
			);
			runOnlyForDeploymentPostprocessing = 0;
		};
/* End PBXResourcesBuildPhase section */

/* Begin PBXSourcesBuildPhase section */
		06F745932CEC7488002230BF /* Sources */ = {
			isa = PBXSourcesBuildPhase;
			buildActionMask = 2147483647;
			files = (
				06F7459D2CEC7488002230BF /* ContentView.swift in Sources */,
				06F7459B2CEC7488002230BF /* Flags_QuizApp_SwiftUIApp.swift in Sources */,
			);
			runOnlyForDeploymentPostprocessing = 0;
		};
		06F745A32CEC7489002230BF /* Sources */ = {
			isa = PBXSourcesBuildPhase;
			buildActionMask = 2147483647;
			files = (
				06F745AC2CEC7489002230BF /* Flags_QuizApp_SwiftUITests.swift in Sources */,
			);
			runOnlyForDeploymentPostprocessing = 0;
		};
		06F745AD2CEC7489002230BF /* Sources */ = {
			isa = PBXSourcesBuildPhase;
			buildActionMask = 2147483647;
			files = (
				06F745B62CEC7489002230BF /* Flags_QuizApp_SwiftUIUITests.swift in Sources */,
				06F745B82CEC7489002230BF /* Flags_QuizApp_SwiftUIUITestsLaunchTests.swift in Sources */,
			);
			runOnlyForDeploymentPostprocessing = 0;
		};
/* End PBXSourcesBuildPhase section */

/* Begin PBXTargetDependency section */
		06F745A92CEC7489002230BF /* PBXTargetDependency */ = {
			isa = PBXTargetDependency;
			target = 06F745962CEC7488002230BF /* Flags-QuizApp-SwiftUI */;
			targetProxy = 06F745A82CEC7489002230BF /* PBXContainerItemProxy */;
		};
		06F745B32CEC7489002230BF /* PBXTargetDependency */ = {
			isa = PBXTargetDependency;
			target = 06F745962CEC7488002230BF /* Flags-QuizApp-SwiftUI */;
			targetProxy = 06F745B22CEC7489002230BF /* PBXContainerItemProxy */;
		};
/* End PBXTargetDependency section */

/* Begin XCBuildConfiguration section */
		06F745B92CEC7489002230BF /* Debug */ = {
			isa = XCBuildConfiguration;
			buildSettings = {
				ALWAYS_SEARCH_USER_PATHS = NO;
				ASSETCATALOG_COMPILER_GENERATE_SWIFT_ASSET_SYMBOL_EXTENSIONS = YES;
				CLANG_ANALYZER_NONNULL = YES;
				CLANG_ANALYZER_NUMBER_OBJECT_CONVERSION = YES_AGGRESSIVE;
				CLANG_CXX_LANGUAGE_STANDARD = "gnu++20";
				CLANG_ENABLE_MODULES = YES;
				CLANG_ENABLE_OBJC_ARC = YES;
				CLANG_ENABLE_OBJC_WEAK = YES;
				CLANG_WARN_BLOCK_CAPTURE_AUTORELEASING = YES;
				CLANG_WARN_BOOL_CONVERSION = YES;
				CLANG_WARN_COMMA = YES;
				CLANG_WARN_CONSTANT_CONVERSION = YES;
				CLANG_WARN_DEPRECATED_OBJC_IMPLEMENTATIONS = YES;
				CLANG_WARN_DIRECT_OBJC_ISA_USAGE = YES_ERROR;
				CLANG_WARN_DOCUMENTATION_COMMENTS = YES;
				CLANG_WARN_EMPTY_BODY = YES;
				CLANG_WARN_ENUM_CONVERSION = YES;
				CLANG_WARN_INFINITE_RECURSION = YES;
				CLANG_WARN_INT_CONVERSION = YES;
				CLANG_WARN_NON_LITERAL_NULL_CONVERSION = YES;
				CLANG_WARN_OBJC_IMPLICIT_RETAIN_SELF = YES;
				CLANG_WARN_OBJC_LITERAL_CONVERSION = YES;
				CLANG_WARN_OBJC_ROOT_CLASS = YES_ERROR;
				CLANG_WARN_QUOTED_INCLUDE_IN_FRAMEWORK_HEADER = YES;
				CLANG_WARN_RANGE_LOOP_ANALYSIS = YES;
				CLANG_WARN_STRICT_PROTOTYPES = YES;
				CLANG_WARN_SUSPICIOUS_MOVE = YES;
				CLANG_WARN_UNGUARDED_AVAILABILITY = YES_AGGRESSIVE;
				CLANG_WARN_UNREACHABLE_CODE = YES;
				CLANG_WARN__DUPLICATE_METHOD_MATCH = YES;
				COPY_PHASE_STRIP = NO;
				DEBUG_INFORMATION_FORMAT = dwarf;
				ENABLE_STRICT_OBJC_MSGSEND = YES;
				ENABLE_TESTABILITY = YES;
				ENABLE_USER_SCRIPT_SANDBOXING = YES;
				GCC_C_LANGUAGE_STANDARD = gnu17;
				GCC_DYNAMIC_NO_PIC = NO;
				GCC_NO_COMMON_BLOCKS = YES;
				GCC_OPTIMIZATION_LEVEL = 0;
				GCC_PREPROCESSOR_DEFINITIONS = (
					"DEBUG=1",
					"$(inherited)",
				);
				GCC_WARN_64_TO_32_BIT_CONVERSION = YES;
				GCC_WARN_ABOUT_RETURN_TYPE = YES_ERROR;
				GCC_WARN_UNDECLARED_SELECTOR = YES;
				GCC_WARN_UNINITIALIZED_AUTOS = YES_AGGRESSIVE;
				GCC_WARN_UNUSED_FUNCTION = YES;
				GCC_WARN_UNUSED_VARIABLE = YES;
				IPHONEOS_DEPLOYMENT_TARGET = 17.5;
				LOCALIZATION_PREFERS_STRING_CATALOGS = YES;
				MTL_ENABLE_DEBUG_INFO = INCLUDE_SOURCE;
				MTL_FAST_MATH = YES;
				ONLY_ACTIVE_ARCH = YES;
				SDKROOT = iphoneos;
				SWIFT_ACTIVE_COMPILATION_CONDITIONS = "DEBUG $(inherited)";
				SWIFT_OPTIMIZATION_LEVEL = "-Onone";
			};
			name = Debug;
		};
		06F745BA2CEC7489002230BF /* Release */ = {
			isa = XCBuildConfiguration;
			buildSettings = {
				ALWAYS_SEARCH_USER_PATHS = NO;
				ASSETCATALOG_COMPILER_GENERATE_SWIFT_ASSET_SYMBOL_EXTENSIONS = YES;
				CLANG_ANALYZER_NONNULL = YES;
				CLANG_ANALYZER_NUMBER_OBJECT_CONVERSION = YES_AGGRESSIVE;
				CLANG_CXX_LANGUAGE_STANDARD = "gnu++20";
				CLANG_ENABLE_MODULES = YES;
				CLANG_ENABLE_OBJC_ARC = YES;
				CLANG_ENABLE_OBJC_WEAK = YES;
				CLANG_WARN_BLOCK_CAPTURE_AUTORELEASING = YES;
				CLANG_WARN_BOOL_CONVERSION = YES;
				CLANG_WARN_COMMA = YES;
				CLANG_WARN_CONSTANT_CONVERSION = YES;
				CLANG_WARN_DEPRECATED_OBJC_IMPLEMENTATIONS = YES;
				CLANG_WARN_DIRECT_OBJC_ISA_USAGE = YES_ERROR;
				CLANG_WARN_DOCUMENTATION_COMMENTS = YES;
				CLANG_WARN_EMPTY_BODY = YES;
				CLANG_WARN_ENUM_CONVERSION = YES;
				CLANG_WARN_INFINITE_RECURSION = YES;
				CLANG_WARN_INT_CONVERSION = YES;
				CLANG_WARN_NON_LITERAL_NULL_CONVERSION = YES;
				CLANG_WARN_OBJC_IMPLICIT_RETAIN_SELF = YES;
				CLANG_WARN_OBJC_LITERAL_CONVERSION = YES;
				CLANG_WARN_OBJC_ROOT_CLASS = YES_ERROR;
				CLANG_WARN_QUOTED_INCLUDE_IN_FRAMEWORK_HEADER = YES;
				CLANG_WARN_RANGE_LOOP_ANALYSIS = YES;
				CLANG_WARN_STRICT_PROTOTYPES = YES;
				CLANG_WARN_SUSPICIOUS_MOVE = YES;
				CLANG_WARN_UNGUARDED_AVAILABILITY = YES_AGGRESSIVE;
				CLANG_WARN_UNREACHABLE_CODE = YES;
				CLANG_WARN__DUPLICATE_METHOD_MATCH = YES;
				COPY_PHASE_STRIP = NO;
				DEBUG_INFORMATION_FORMAT = "dwarf-with-dsym";
				ENABLE_NS_ASSERTIONS = NO;
				ENABLE_STRICT_OBJC_MSGSEND = YES;
				ENABLE_USER_SCRIPT_SANDBOXING = YES;
				GCC_C_LANGUAGE_STANDARD = gnu17;
				GCC_NO_COMMON_BLOCKS = YES;
				GCC_WARN_64_TO_32_BIT_CONVERSION = YES;
				GCC_WARN_ABOUT_RETURN_TYPE = YES_ERROR;
				GCC_WARN_UNDECLARED_SELECTOR = YES;
				GCC_WARN_UNINITIALIZED_AUTOS = YES_AGGRESSIVE;
				GCC_WARN_UNUSED_FUNCTION = YES;
				GCC_WARN_UNUSED_VARIABLE = YES;
				IPHONEOS_DEPLOYMENT_TARGET = 17.5;
				LOCALIZATION_PREFERS_STRING_CATALOGS = YES;
				MTL_ENABLE_DEBUG_INFO = NO;
				MTL_FAST_MATH = YES;
				SDKROOT = iphoneos;
				SWIFT_COMPILATION_MODE = wholemodule;
				VALIDATE_PRODUCT = YES;
			};
			name = Release;
		};
		06F745BC2CEC7489002230BF /* Debug */ = {
			isa = XCBuildConfiguration;
			buildSettings = {
				ASSETCATALOG_COMPILER_APPICON_NAME = AppIcon;
				ASSETCATALOG_COMPILER_GLOBAL_ACCENT_COLOR_NAME = AccentColor;
				CODE_SIGN_STYLE = Automatic;
				CURRENT_PROJECT_VERSION = 1;
				DEVELOPMENT_ASSET_PATHS = "\"Flags-QuizApp-SwiftUI/Preview Content\"";
				ENABLE_PREVIEWS = YES;
				GENERATE_INFOPLIST_FILE = YES;
				INFOPLIST_KEY_UIApplicationSceneManifest_Generation = YES;
				INFOPLIST_KEY_UIApplicationSupportsIndirectInputEvents = YES;
				INFOPLIST_KEY_UILaunchScreen_Generation = YES;
				INFOPLIST_KEY_UISupportedInterfaceOrientations_iPad = "UIInterfaceOrientationPortrait UIInterfaceOrientationPortraitUpsideDown UIInterfaceOrientationLandscapeLeft UIInterfaceOrientationLandscapeRight";
				INFOPLIST_KEY_UISupportedInterfaceOrientations_iPhone = "UIInterfaceOrientationPortrait UIInterfaceOrientationLandscapeLeft UIInterfaceOrientationLandscapeRight";
				LD_RUNPATH_SEARCH_PATHS = (
					"$(inherited)",
					"@executable_path/Frameworks",
				);
				MARKETING_VERSION = 1.0;
				PRODUCT_BUNDLE_IDENTIFIER = "nmn.Flags-QuizApp-SwiftUI";
				PRODUCT_NAME = "$(TARGET_NAME)";
				SWIFT_EMIT_LOC_STRINGS = YES;
				SWIFT_VERSION = 5.0;
				TARGETED_DEVICE_FAMILY = "1,2";
			};
			name = Debug;
		};
		06F745BD2CEC7489002230BF /* Release */ = {
			isa = XCBuildConfiguration;
			buildSettings = {
				ASSETCATALOG_COMPILER_APPICON_NAME = AppIcon;
				ASSETCATALOG_COMPILER_GLOBAL_ACCENT_COLOR_NAME = AccentColor;
				CODE_SIGN_STYLE = Automatic;
				CURRENT_PROJECT_VERSION = 1;
				DEVELOPMENT_ASSET_PATHS = "\"Flags-QuizApp-SwiftUI/Preview Content\"";
				ENABLE_PREVIEWS = YES;
				GENERATE_INFOPLIST_FILE = YES;
				INFOPLIST_KEY_UIApplicationSceneManifest_Generation = YES;
				INFOPLIST_KEY_UIApplicationSupportsIndirectInputEvents = YES;
				INFOPLIST_KEY_UILaunchScreen_Generation = YES;
				INFOPLIST_KEY_UISupportedInterfaceOrientations_iPad = "UIInterfaceOrientationPortrait UIInterfaceOrientationPortraitUpsideDown UIInterfaceOrientationLandscapeLeft UIInterfaceOrientationLandscapeRight";
				INFOPLIST_KEY_UISupportedInterfaceOrientations_iPhone = "UIInterfaceOrientationPortrait UIInterfaceOrientationLandscapeLeft UIInterfaceOrientationLandscapeRight";
				LD_RUNPATH_SEARCH_PATHS = (
					"$(inherited)",
					"@executable_path/Frameworks",
				);
				MARKETING_VERSION = 1.0;
				PRODUCT_BUNDLE_IDENTIFIER = "nmn.Flags-QuizApp-SwiftUI";
				PRODUCT_NAME = "$(TARGET_NAME)";
				SWIFT_EMIT_LOC_STRINGS = YES;
				SWIFT_VERSION = 5.0;
				TARGETED_DEVICE_FAMILY = "1,2";
			};
			name = Release;
		};
		06F745BF2CEC7489002230BF /* Debug */ = {
			isa = XCBuildConfiguration;
			buildSettings = {
				ALWAYS_EMBED_SWIFT_STANDARD_LIBRARIES = YES;
				BUNDLE_LOADER = "$(TEST_HOST)";
				CODE_SIGN_STYLE = Automatic;
				CURRENT_PROJECT_VERSION = 1;
				GENERATE_INFOPLIST_FILE = YES;
				IPHONEOS_DEPLOYMENT_TARGET = 17.5;
				MARKETING_VERSION = 1.0;
				PRODUCT_BUNDLE_IDENTIFIER = "nmn.Flags-QuizApp-SwiftUITests";
				PRODUCT_NAME = "$(TARGET_NAME)";
				SWIFT_EMIT_LOC_STRINGS = NO;
				SWIFT_VERSION = 5.0;
				TARGETED_DEVICE_FAMILY = "1,2";
				TEST_HOST = "$(BUILT_PRODUCTS_DIR)/Flags-QuizApp-SwiftUI.app/$(BUNDLE_EXECUTABLE_FOLDER_PATH)/Flags-QuizApp-SwiftUI";
			};
			name = Debug;
		};
		06F745C02CEC7489002230BF /* Release */ = {
			isa = XCBuildConfiguration;
			buildSettings = {
				ALWAYS_EMBED_SWIFT_STANDARD_LIBRARIES = YES;
				BUNDLE_LOADER = "$(TEST_HOST)";
				CODE_SIGN_STYLE = Automatic;
				CURRENT_PROJECT_VERSION = 1;
				GENERATE_INFOPLIST_FILE = YES;
				IPHONEOS_DEPLOYMENT_TARGET = 17.5;
				MARKETING_VERSION = 1.0;
				PRODUCT_BUNDLE_IDENTIFIER = "nmn.Flags-QuizApp-SwiftUITests";
				PRODUCT_NAME = "$(TARGET_NAME)";
				SWIFT_EMIT_LOC_STRINGS = NO;
				SWIFT_VERSION = 5.0;
				TARGETED_DEVICE_FAMILY = "1,2";
				TEST_HOST = "$(BUILT_PRODUCTS_DIR)/Flags-QuizApp-SwiftUI.app/$(BUNDLE_EXECUTABLE_FOLDER_PATH)/Flags-QuizApp-SwiftUI";
			};
			name = Release;
		};
		06F745C22CEC7489002230BF /* Debug */ = {
			isa = XCBuildConfiguration;
			buildSettings = {
				ALWAYS_EMBED_SWIFT_STANDARD_LIBRARIES = YES;
				CODE_SIGN_STYLE = Automatic;
				CURRENT_PROJECT_VERSION = 1;
				GENERATE_INFOPLIST_FILE = YES;
				MARKETING_VERSION = 1.0;
				PRODUCT_BUNDLE_IDENTIFIER = "nmn.Flags-QuizApp-SwiftUIUITests";
				PRODUCT_NAME = "$(TARGET_NAME)";
				SWIFT_EMIT_LOC_STRINGS = NO;
				SWIFT_VERSION = 5.0;
				TARGETED_DEVICE_FAMILY = "1,2";
				TEST_TARGET_NAME = "Flags-QuizApp-SwiftUI";
			};
			name = Debug;
		};
		06F745C32CEC7489002230BF /* Release */ = {
			isa = XCBuildConfiguration;
			buildSettings = {
				ALWAYS_EMBED_SWIFT_STANDARD_LIBRARIES = YES;
				CODE_SIGN_STYLE = Automatic;
				CURRENT_PROJECT_VERSION = 1;
				GENERATE_INFOPLIST_FILE = YES;
				MARKETING_VERSION = 1.0;
				PRODUCT_BUNDLE_IDENTIFIER = "nmn.Flags-QuizApp-SwiftUIUITests";
				PRODUCT_NAME = "$(TARGET_NAME)";
				SWIFT_EMIT_LOC_STRINGS = NO;
				SWIFT_VERSION = 5.0;
				TARGETED_DEVICE_FAMILY = "1,2";
				TEST_TARGET_NAME = "Flags-QuizApp-SwiftUI";
			};
			name = Release;
		};
/* End XCBuildConfiguration section */

/* Begin XCConfigurationList section */
		06F745922CEC7488002230BF /* Build configuration list for PBXProject "Flags-QuizApp-SwiftUI" */ = {
			isa = XCConfigurationList;
			buildConfigurations = (
				06F745B92CEC7489002230BF /* Debug */,
				06F745BA2CEC7489002230BF /* Release */,
			);
			defaultConfigurationIsVisible = 0;
			defaultConfigurationName = Release;
		};
		06F745BB2CEC7489002230BF /* Build configuration list for PBXNativeTarget "Flags-QuizApp-SwiftUI" */ = {
			isa = XCConfigurationList;
			buildConfigurations = (
				06F745BC2CEC7489002230BF /* Debug */,
				06F745BD2CEC7489002230BF /* Release */,
			);
			defaultConfigurationIsVisible = 0;
			defaultConfigurationName = Release;
		};
		06F745BE2CEC7489002230BF /* Build configuration list for PBXNativeTarget "Flags-QuizApp-SwiftUITests" */ = {
			isa = XCConfigurationList;
			buildConfigurations = (
				06F745BF2CEC7489002230BF /* Debug */,
				06F745C02CEC7489002230BF /* Release */,
			);
			defaultConfigurationIsVisible = 0;
			defaultConfigurationName = Release;
		};
		06F745C12CEC7489002230BF /* Build configuration list for PBXNativeTarget "Flags-QuizApp-SwiftUIUITests" */ = {
			isa = XCConfigurationList;
			buildConfigurations = (
				06F745C22CEC7489002230BF /* Debug */,
				06F745C32CEC7489002230BF /* Release */,
			);
			defaultConfigurationIsVisible = 0;
			defaultConfigurationName = Release;
		};
/* End XCConfigurationList section */
	};
	rootObject = 06F7458F2CEC7488002230BF /* Project object */;
}
